{
  "name": "hellen",
  "version": "0.1.0",
  "lockfileVersion": 2,
  "requires": true,
  "packages": {
    "": {
      "name": "hellen",
      "version": "0.1.0",
      "license": "Apache-2.0",
      "dependencies": {
        "beautifulsoup4": "^4.9.3",
        "requests": "^2.25.1"
      }
    },
    "node_modules/beautifulsoup4": {
      "version": "4.9.3",
      "resolved": "https://pypi.org/project/beautifulsoup4/4.9.3/",
      "integrity": "sha512-V8lnck9wVtF7H7oBoegAaFV32dqqfjtqz8Dh1mIb+jP7uj24wJv0G6I0B+OmPKaW1g6Z2bJ0drjho63zED5NzQ=="
    },
    "node_modules/requests": {
      "version": "2.25.1",
      "resolved": "https://pypi.org/project/requests/2.25.1/",
      "integrity": "sha512-+3xRYiER3dVNeHr1NUdT7WX5+rXw+dCfqf+XRo0Yv2ME7/gBzTcI8T0UK7Or8mgU/l2prjRXLCiX+7+/WvHg=="
    }
  },
  "dependencies": {
    "beautifulsoup4": {
      "version": "4.9.3",
      "resolved": "https://pypi.org/project/beautifulsoup4/4.9.3/",
      "integrity": "sha512-V8lnck9wVtF7H7oBoegAaFV32dqqfjtqz8Dh1mIb+jP7uj24wJv0G6I0B+OmPKaW1g6Z2bJ0drjho63zED5NzQ=="
    },
    "requests": {
      "version": "2.25.1",
      "resolved": "https://pypi.org/project/requests/2.25.1/",
      "integrity": "sha512-+3xRYiER3dVNeHr1NUdT7WX5+rXw+dCfqf+XRo0Yv2ME7/gBzTcI8T0UK7Or8mgU/l2prjRXLCiX+7+/WvHg=="
    }
  }
}
